lockfileVersion: '9.0'

settings:
  autoInstallPeers: true
  excludeLinksFromLockfile: false

importers:

  .:
    devDependencies:
      '@types/node':
        specifier: ^25.0.0
        version: 25.9.1
      '@typescript/native-preview':
        specifier: ^7.0.0-dev.20260527.1
        version: 7.0.0-dev.20260527.1

packages:

  '@types/node@25.9.1':
    resolution: {integrity: sha512-xfrlY7UD5rMJk3ZVJP8BNzS28J36YJg+xp+LPXV1TdWxr8uMH5A860QNxYDGQe/ylDSgjxE52Q9VnO7p75tJxg==}

  '@typescript/native-preview-darwin-arm64@7.0.0-dev.20260527.1':
    resolution: {integrity: sha512-bDi6FJ644n3uKdp/ZI7j50ChVyGOsrJrkwihQb6x3yByFQkTINLu3e6ZkY+HveQ2Zw2vy9SGN8E7b3A5iSOO0A==}
    engines: {node: '>=16.20.0'}
    cpu: [arm64]
    os: [darwin]

  '@typescript/native-preview-darwin-x64@7.0.0-dev.20260527.1':
    resolution: {integrity: sha512-r6GXrTdalXZu1/b5goMpAe+efZvOfwdE45gl8Tti3fckP9icK3xdiN+VnNi0RL2/c2L86RyN8nGxihaCHGCKbw==}
    engines: {node: '>=16.20.0'}
    cpu: [x64]
    os: [darwin]

  '@typescript/native-preview-linux-arm64@7.0.0-dev.20260527.1':
    resolution: {integrity: sha512-QJAFyPJgJqJVLbVPHl5xL7FCn3HNPLdpEm8l7KBgiYpltLhU1p/LJ3iN0XpFRAhq9ojWbZebo8t/h8MX35QjTQ==}
    engines: {node: '>=16.20.0'}
    cpu: [arm64]
    os: [linux]

  '@typescript/native-preview-linux-arm@7.0.0-dev.20260527.1':
    resolution: {integrity: sha512-BlfQBatMkZHi3o+atxoUW0czGJNjo9cpO1BoQeB3gxZ7D/cDZHYHmKFSSRx8UxMktwP5k5lPxi0wgA3Ic2mQyQ==}
    engines: {node: '>=16.20.0'}
    cpu: [arm]
    os: [linux]

  '@typescript/native-preview-linux-x64@7.0.0-dev.20260527.1':
    resolution: {integrity: sha512-UFB7ZdK2/vIIi62nfn3JhyGV7qR/qXjKPQaPVXwzCvaPieTZcsNsALjKU0W5WHThyi+5p3U7O3dGE7n6P4q4Yw==}
    engines: {node: '>=16.20.0'}
    cpu: [x64]
    os: [linux]

  '@typescript/native-preview-win32-arm64@7.0.0-dev.20260527.1':
    resolution: {integrity: sha512-rp/q9+9H77JQvepC/UpDP8CdeTGSGyhp9BVbmFwqUV2NhMHPldfys3ihY7OQdoVBgWIKQyxEHB+FTr8Z7kre1Q==}
    engines: {node: '>=16.20.0'}
    cpu: [arm64]
    os: [win32]

  '@typescript/native-preview-win32-x64@7.0.0-dev.20260527.1':
    resolution: {integrity: sha512-864Pq4qoDcacUJhs2/kQplyfwNO0APUmx1k8qUaJt2P9ZGF0Pu++afJi7OagImHMiEQcmigjmZPuOodOk5YmqQ==}
    engines: {node: '>=16.20.0'}
    cpu: [x64]
    os: [win32]

  '@typescript/native-preview@7.0.0-dev.20260527.1':
    resolution: {integrity: sha512-j81qKiwCPgMEjtk8uDLP+TDW60l6mugoJ7SNzfHWv1PJ6bUjIAHuag4P1jSLm1IpKuMuB3TTi4f61n7TJi8Jog==}
    engines: {node: '>=16.20.0'}
    hasBin: true

  undici-types@7.24.6:
    resolution: {integrity: sha512-WRNW+sJgj5OBN4/0JpHFqtqzhpbnV0GuB+OozA9gCL7a993SmU+1JBZCzLNxYsbMfIeDL+lTsphD5jN5N+n0zg==}

snapshots:

  '@types/node@25.9.1':
    dependencies:
      undici-types: 7.24.6

  '@typescript/native-preview-darwin-arm64@7.0.0-dev.20260527.1':
    optional: true

  '@typescript/native-preview-darwin-x64@7.0.0-dev.20260527.1':
    optional: true

  '@typescript/native-preview-linux-arm64@7.0.0-dev.20260527.1':
    optional: true

  '@typescript/native-preview-linux-arm@7.0.0-dev.20260527.1':
    optional: true

  '@typescript/native-preview-linux-x64@7.0.0-dev.20260527.1':
    optional: true

  '@typescript/native-preview-win32-arm64@7.0.0-dev.20260527.1':
    optional: true

  '@typescript/native-preview-win32-x64@7.0.0-dev.20260527.1':
    optional: true

  '@typescript/native-preview@7.0.0-dev.20260527.1':
    optionalDependencies:
      '@typescript/native-preview-darwin-arm64': 7.0.0-dev.20260527.1
      '@typescript/native-preview-darwin-x64': 7.0.0-dev.20260527.1
      '@typescript/native-preview-linux-arm': 7.0.0-dev.20260527.1
      '@typescript/native-preview-linux-arm64': 7.0.0-dev.20260527.1
      '@typescript/native-preview-linux-x64': 7.0.0-dev.20260527.1
      '@typescript/native-preview-win32-arm64': 7.0.0-dev.20260527.1
      '@typescript/native-preview-win32-x64': 7.0.0-dev.20260527.1

  undici-types@7.24.6: {}
